
Microsoft Visual Studio Solution File, Format Version 12.00
# Visual Studio Version 17
VisualStudioVersion = 17.8.34330.188
MinimumVisualStudioVersion = 10.0.40219.1
Project("{9A19103F-16F7-4668-BE54-9A1E7A4F7556}") = "TestLibrary", "TestLibrary\TestLibrary.csproj", "{77E343B8-1EA7-4766-BC4E-6DC347C38E0E}"
EndProject
Project("{9A19103F-16F7-4668-BE54-9A1E7A4F7556}") = "TestLibraryTest", "TestLibraryTest\TestLibraryTest.csproj", "{EEA001E9-D9F2-463F-B3E8-F3DD14E07A26}"
EndProject
Global
	GlobalSection(SolutionConfigurationPlatforms) = preSolution
		Debug|Any CPU = Debug|Any CPU
		Release|Any CPU = Release|Any CPU
	EndGlobalSection
	GlobalSection(ProjectConfigurationPlatforms) = postSolution
		{77E343B8-1EA7-4766-BC4E-6DC347C38E0E}.Debug|Any CPU.ActiveCfg = Debug|Any CPU
		{77E343B8-1EA7-4766-BC4E-6DC347C38E0E}.Debug|Any CPU.Build.0 = Debug|Any CPU
		{77E343B8-1EA7-4766-BC4E-6DC347C38E0E}.Release|Any CPU.ActiveCfg = Release|Any CPU
		{77E343B8-1EA7-4766-BC4E-6DC347C38E0E}.Release|Any CPU.Build.0 = Release|Any CPU
		{EEA001E9-D9F2-463F-B3E8-F3DD14E07A26}.Debug|Any CPU.ActiveCfg = Debug|Any CPU
		{EEA001E9-D9F2-463F-B3E8-F3DD14E07A26}.Debug|Any CPU.Build.0 = Debug|Any CPU
		{EEA001E9-D9F2-463F-B3E8-F3DD14E07A26}.Release|Any CPU.ActiveCfg = Release|Any CPU
		{EEA001E9-D9F2-463F-B3E8-F3DD14E07A26}.Release|Any CPU.Build.0 = Release|Any CPU
	EndGlobalSection
	GlobalSection(SolutionProperties) = preSolution
		HideSolutionNode = FALSE
	EndGlobalSection
	GlobalSection(ExtensibilityGlobals) = postSolution
		SolutionGuid = {4081AD31-99B7-4038-91C4-42C2ABF4D792}
	EndGlobalSection
EndGlobal
