
Microsoft Visual Studio Solution File, Format Version 12.00
# Visual Studio Version 17
VisualStudioVersion = 17.8.34330.188
MinimumVisualStudioVersion = 10.0.40219.1
Project("{FAE04EC0-301F-11D3-BF4B-00C04F79EFBC}") = "TestLibrary", "TestLibrary.csproj", "{9633C926-F7C9-4D6D-A50C-D57A7CE53A74}"
EndProject
Project("{FAE04EC0-301F-11D3-BF4B-00C04F79EFBC}") = "TestLibraryTest", "..\TestLibraryTest\TestLibraryTest.csproj", "{B9937A1E-2E17-43EC-BF9B-9E9D523C40DA}"
EndProject
Global
	GlobalSection(SolutionConfigurationPlatforms) = preSolution
		Debug|Any CPU = Debug|Any CPU
		Release|Any CPU = Release|Any CPU
	EndGlobalSection
	GlobalSection(ProjectConfigurationPlatforms) = postSolution
		{9633C926-F7C9-4D6D-A50C-D57A7CE53A74}.Debug|Any CPU.ActiveCfg = Debug|Any CPU
		{9633C926-F7C9-4D6D-A50C-D57A7CE53A74}.Debug|Any CPU.Build.0 = Debug|Any CPU
		{9633C926-F7C9-4D6D-A50C-D57A7CE53A74}.Release|Any CPU.ActiveCfg = Release|Any CPU
		{9633C926-F7C9-4D6D-A50C-D57A7CE53A74}.Release|Any CPU.Build.0 = Release|Any CPU
		{B9937A1E-2E17-43EC-BF9B-9E9D523C40DA}.Debug|Any CPU.ActiveCfg = Debug|Any CPU
		{B9937A1E-2E17-43EC-BF9B-9E9D523C40DA}.Debug|Any CPU.Build.0 = Debug|Any CPU
		{B9937A1E-2E17-43EC-BF9B-9E9D523C40DA}.Release|Any CPU.ActiveCfg = Release|Any CPU
		{B9937A1E-2E17-43EC-BF9B-9E9D523C40DA}.Release|Any CPU.Build.0 = Release|Any CPU
	EndGlobalSection
	GlobalSection(SolutionProperties) = preSolution
		HideSolutionNode = FALSE
	EndGlobalSection
	GlobalSection(ExtensibilityGlobals) = postSolution
		SolutionGuid = {4081AD31-99B7-4038-91C4-42C2ABF4D792}
	EndGlobalSection
EndGlobal
